
Microsoft Visual Studio Solution File, Format Version 12.00
# Visual Studio Version 16
VisualStudioVersion = 16.0.33130.400
MinimumVisualStudioVersion = 10.0.40219.1
Project("{9A19103F-16F7-4668-BE54-9A1E7A4F7556}") = "OOPAssignment3_Q1", "OOPAssignment3\OOPAssignment3_Q1.csproj", "{57AF6904-6288-40A3-97FA-47A9C4D2C53C}"
EndProject
Global
	GlobalSection(SolutionConfigurationPlatforms) = preSolution
		Debug|Any CPU = Debug|Any CPU
		Release|Any CPU = Release|Any CPU
	EndGlobalSection
	GlobalSection(ProjectConfigurationPlatforms) = postSolution
		{57AF6904-6288-40A3-97FA-47A9C4D2C53C}.Debug|Any CPU.ActiveCfg = Debug|Any CPU
		{57AF6904-6288-40A3-97FA-47A9C4D2C53C}.Debug|Any CPU.Build.0 = Debug|Any CPU
		{57AF6904-6288-40A3-97FA-47A9C4D2C53C}.Release|Any CPU.ActiveCfg = Release|Any CPU
		{57AF6904-6288-40A3-97FA-47A9C4D2C53C}.Release|Any CPU.Build.0 = Release|Any CPU
	EndGlobalSection
	GlobalSection(SolutionProperties) = preSolution
		HideSolutionNode = FALSE
	EndGlobalSection
	GlobalSection(ExtensibilityGlobals) = postSolution
		SolutionGuid = {390191F1-4AE8-4D91-88BF-84BB86651610}
	EndGlobalSection
EndGlobal
