
Microsoft Visual Studio Solution File, Format Version 12.00
# Visual Studio Version 16
VisualStudioVersion = 16.0.33130.400
MinimumVisualStudioVersion = 10.0.40219.1
Project("{FAE04EC0-301F-11D3-BF4B-00C04F79EFBC}") = "Assignment1_Q6", "Assignment1_Q6\Assignment1_Q6.csproj", "{ED0602D4-F5BD-4A0A-8769-103A34C3A44C}"
EndProject
Global
	GlobalSection(SolutionConfigurationPlatforms) = preSolution
		Debug|Any CPU = Debug|Any CPU
		Release|Any CPU = Release|Any CPU
	EndGlobalSection
	GlobalSection(ProjectConfigurationPlatforms) = postSolution
		{ED0602D4-F5BD-4A0A-8769-103A34C3A44C}.Debug|Any CPU.ActiveCfg = Debug|Any CPU
		{ED0602D4-F5BD-4A0A-8769-103A34C3A44C}.Debug|Any CPU.Build.0 = Debug|Any CPU
		{ED0602D4-F5BD-4A0A-8769-103A34C3A44C}.Release|Any CPU.ActiveCfg = Release|Any CPU
		{ED0602D4-F5BD-4A0A-8769-103A34C3A44C}.Release|Any CPU.Build.0 = Release|Any CPU
	EndGlobalSection
	GlobalSection(SolutionProperties) = preSolution
		HideSolutionNode = FALSE
	EndGlobalSection
	GlobalSection(ExtensibilityGlobals) = postSolution
		SolutionGuid = {189CAD98-2A5E-4040-AB82-78D64FBE92F2}
	EndGlobalSection
EndGlobal
