
Microsoft Visual Studio Solution File, Format Version 12.00
# Visual Studio Version 16
VisualStudioVersion = 16.0.33130.400
MinimumVisualStudioVersion = 10.0.40219.1
Project("{FAE04EC0-301F-11D3-BF4B-00C04F79EFBC}") = "Assignment1_Q4", "Assignment1_Q4\Assignment1_Q4.csproj", "{AA5CA435-652C-4C3B-A787-A93C35B301BF}"
EndProject
Global
	GlobalSection(SolutionConfigurationPlatforms) = preSolution
		Debug|Any CPU = Debug|Any CPU
		Release|Any CPU = Release|Any CPU
	EndGlobalSection
	GlobalSection(ProjectConfigurationPlatforms) = postSolution
		{AA5CA435-652C-4C3B-A787-A93C35B301BF}.Debug|Any CPU.ActiveCfg = Debug|Any CPU
		{AA5CA435-652C-4C3B-A787-A93C35B301BF}.Debug|Any CPU.Build.0 = Debug|Any CPU
		{AA5CA435-652C-4C3B-A787-A93C35B301BF}.Release|Any CPU.ActiveCfg = Release|Any CPU
		{AA5CA435-652C-4C3B-A787-A93C35B301BF}.Release|Any CPU.Build.0 = Release|Any CPU
	EndGlobalSection
	GlobalSection(SolutionProperties) = preSolution
		HideSolutionNode = FALSE
	EndGlobalSection
	GlobalSection(ExtensibilityGlobals) = postSolution
		SolutionGuid = {DD4FDC2E-3189-4DEF-9AB9-8407B82AE795}
	EndGlobalSection
EndGlobal
