
Microsoft Visual Studio Solution File, Format Version 12.00
# Visual Studio Version 16
VisualStudioVersion = 16.0.33130.400
MinimumVisualStudioVersion = 10.0.40219.1
Project("{FAE04EC0-301F-11D3-BF4B-00C04F79EFBC}") = "OOPAssignment2", "OOPAssignment2\OOPAssignment2.csproj", "{96CADCC5-6DCD-480F-A5F6-0D9BE0148068}"
EndProject
Global
	GlobalSection(SolutionConfigurationPlatforms) = preSolution
		Debug|Any CPU = Debug|Any CPU
		Release|Any CPU = Release|Any CPU
	EndGlobalSection
	GlobalSection(ProjectConfigurationPlatforms) = postSolution
		{96CADCC5-6DCD-480F-A5F6-0D9BE0148068}.Debug|Any CPU.ActiveCfg = Debug|Any CPU
		{96CADCC5-6DCD-480F-A5F6-0D9BE0148068}.Debug|Any CPU.Build.0 = Debug|Any CPU
		{96CADCC5-6DCD-480F-A5F6-0D9BE0148068}.Release|Any CPU.ActiveCfg = Release|Any CPU
		{96CADCC5-6DCD-480F-A5F6-0D9BE0148068}.Release|Any CPU.Build.0 = Release|Any CPU
	EndGlobalSection
	GlobalSection(SolutionProperties) = preSolution
		HideSolutionNode = FALSE
	EndGlobalSection
	GlobalSection(ExtensibilityGlobals) = postSolution
		SolutionGuid = {70C9C0E7-DDF3-4B5D-AC54-05A1BFD49ECF}
	EndGlobalSection
EndGlobal
