
Microsoft Visual Studio Solution File, Format Version 12.00
# Visual Studio Version 16
VisualStudioVersion = 16.0.33130.400
MinimumVisualStudioVersion = 10.0.40219.1
Project("{FAE04EC0-301F-11D3-BF4B-00C04F79EFBC}") = "OOPAssignment8_Q1", "OOPAssignment8_Q1\OOPAssignment8_Q1.csproj", "{B82C164F-F37C-4489-AEE0-4ABF6405A33B}"
EndProject
Global
	GlobalSection(SolutionConfigurationPlatforms) = preSolution
		Debug|Any CPU = Debug|Any CPU
		Release|Any CPU = Release|Any CPU
	EndGlobalSection
	GlobalSection(ProjectConfigurationPlatforms) = postSolution
		{B82C164F-F37C-4489-AEE0-4ABF6405A33B}.Debug|Any CPU.ActiveCfg = Debug|Any CPU
		{B82C164F-F37C-4489-AEE0-4ABF6405A33B}.Debug|Any CPU.Build.0 = Debug|Any CPU
		{B82C164F-F37C-4489-AEE0-4ABF6405A33B}.Release|Any CPU.ActiveCfg = Release|Any CPU
		{B82C164F-F37C-4489-AEE0-4ABF6405A33B}.Release|Any CPU.Build.0 = Release|Any CPU
	EndGlobalSection
	GlobalSection(SolutionProperties) = preSolution
		HideSolutionNode = FALSE
	EndGlobalSection
	GlobalSection(ExtensibilityGlobals) = postSolution
		SolutionGuid = {D694EE36-C5EB-4594-95B4-322AC9E193BF}
	EndGlobalSection
EndGlobal
